
Microsoft Visual Studio Solution File, Format Version 12.00
# Visual Studio Version 17
VisualStudioVersion = 17.3.32901.215
MinimumVisualStudioVersion = 10.0.40219.1
Project("{FAE04EC0-301F-11D3-BF4B-00C04F79EFBC}") = "CAA_TestApp", "CAA_TestApp\CAA_TestApp.csproj", "{10B23D8C-F1E3-4CA1-A22E-EDF27BE6A47C}"
EndProject
Global
	GlobalSection(SolutionConfigurationPlatforms) = preSolution
		Debug|Any CPU = Debug|Any CPU
		Release|Any CPU = Release|Any CPU
	EndGlobalSection
	GlobalSection(ProjectConfigurationPlatforms) = postSolution
		{10B23D8C-F1E3-4CA1-A22E-EDF27BE6A47C}.Debug|Any CPU.ActiveCfg = Debug|Any CPU
		{10B23D8C-F1E3-4CA1-A22E-EDF27BE6A47C}.Debug|Any CPU.Build.0 = Debug|Any CPU
		{10B23D8C-F1E3-4CA1-A22E-EDF27BE6A47C}.Release|Any CPU.ActiveCfg = Release|Any CPU
		{10B23D8C-F1E3-4CA1-A22E-EDF27BE6A47C}.Release|Any CPU.Build.0 = Release|Any CPU
	EndGlobalSection
	GlobalSection(SolutionProperties) = preSolution
		HideSolutionNode = FALSE
	EndGlobalSection
	GlobalSection(ExtensibilityGlobals) = postSolution
		SolutionGuid = {11C50658-516A-43B9-912C-72254A6C8D0B}
	EndGlobalSection
EndGlobal
